// !$*UTF8*$!
{
	archiveVersion = 1;
	classes = {
	};
	objectVersion = 56;
	objects = {

/* Begin PBXBuildFile section */
		26218E4D2AB296FA00EC41D9 /* SimpleTableViewController.swift in Sources */ = {isa = PBXBuildFile; fileRef = 26218E4C2AB296FA00EC41D9 /* SimpleTableViewController.swift */; };
		266146272AB2A02200C93E4B /* NewSimpleCollectionViewController.swift in Sources */ = {isa = PBXBuildFile; fileRef = 266146262AB2A02200C93E4B /* NewSimpleCollectionViewController.swift */; };
		26E41A452AB7D342004AEF2B /* NumberViewController.swift in Sources */ = {isa = PBXBuildFile; fileRef = 26E41A442AB7D342004AEF2B /* NumberViewController.swift */; };
		26E41A472AB7D935004AEF2B /* NumberViewModel.swift in Sources */ = {isa = PBXBuildFile; fileRef = 26E41A462AB7D935004AEF2B /* NumberViewModel.swift */; };
		26E41A492AB7E7BD004AEF2B /* NewSimpleViewModel.swift in Sources */ = {isa = PBXBuildFile; fileRef = 26E41A482AB7E7BD004AEF2B /* NewSimpleViewModel.swift */; };
		26E41A4F2AB8418C004AEF2B /* RandomPhotoViewController.swift in Sources */ = {isa = PBXBuildFile; fileRef = 26E41A4E2AB8418C004AEF2B /* RandomPhotoViewController.swift */; };
		26E41A512AB841BE004AEF2B /* RandomPhotoViewModel.swift in Sources */ = {isa = PBXBuildFile; fileRef = 26E41A502AB841BE004AEF2B /* RandomPhotoViewModel.swift */; };
		26E41A532AB84369004AEF2B /* RandomAPIService.swift in Sources */ = {isa = PBXBuildFile; fileRef = 26E41A522AB84369004AEF2B /* RandomAPIService.swift */; };
		26E41A562AB84B7F004AEF2B /* RandomPhoto.swift in Sources */ = {isa = PBXBuildFile; fileRef = 26E41A552AB84B7F004AEF2B /* RandomPhoto.swift */; };
		26E9B3A52AB42BD800F2DA85 /* NewDiffableDataSoureExampleController.swift in Sources */ = {isa = PBXBuildFile; fileRef = 26E9B3A42AB42BD800F2DA85 /* NewDiffableDataSoureExampleController.swift */; };
		26E9B3A82AB4355B00F2DA85 /* User.swift in Sources */ = {isa = PBXBuildFile; fileRef = 26E9B3A72AB4355B00F2DA85 /* User.swift */; };
		26E9B3AF2AB43F5100F2DA85 /* NewPhotoViewModel.swift in Sources */ = {isa = PBXBuildFile; fileRef = 26E9B3AE2AB43F5100F2DA85 /* NewPhotoViewModel.swift */; };
		26E9B3B22AB4456B00F2DA85 /* SnapKit in Frameworks */ = {isa = PBXBuildFile; productRef = 26E9B3B12AB4456B00F2DA85 /* SnapKit */; };
		26EDB34D2AB139E700964C9C /* CalculateViewController.swift in Sources */ = {isa = PBXBuildFile; fileRef = 26EDB34C2AB139E700964C9C /* CalculateViewController.swift */; };
		26EDB34F2AB13AB000964C9C /* CalculateViewModel.swift in Sources */ = {isa = PBXBuildFile; fileRef = 26EDB34E2AB13AB000964C9C /* CalculateViewModel.swift */; };
		26EDB3512AB13DA700964C9C /* JackObservable.swift in Sources */ = {isa = PBXBuildFile; fileRef = 26EDB3502AB13DA700964C9C /* JackObservable.swift */; };
		26F237572AAE993700D9B137 /* AppDelegate.swift in Sources */ = {isa = PBXBuildFile; fileRef = 26F237562AAE993700D9B137 /* AppDelegate.swift */; };
		26F237592AAE993700D9B137 /* SceneDelegate.swift in Sources */ = {isa = PBXBuildFile; fileRef = 26F237582AAE993700D9B137 /* SceneDelegate.swift */; };
		26F2375B2AAE993700D9B137 /* ViewController.swift in Sources */ = {isa = PBXBuildFile; fileRef = 26F2375A2AAE993700D9B137 /* ViewController.swift */; };
		26F2375E2AAE993700D9B137 /* Main.storyboard in Resources */ = {isa = PBXBuildFile; fileRef = 26F2375C2AAE993700D9B137 /* Main.storyboard */; };
		26F237602AAE993A00D9B137 /* Assets.xcassets in Resources */ = {isa = PBXBuildFile; fileRef = 26F2375F2AAE993A00D9B137 /* Assets.xcassets */; };
		26F237632AAE993A00D9B137 /* LaunchScreen.storyboard in Resources */ = {isa = PBXBuildFile; fileRef = 26F237612AAE993A00D9B137 /* LaunchScreen.storyboard */; };
		26F237722AAEAE2500D9B137 /* Localizable.strings in Resources */ = {isa = PBXBuildFile; fileRef = 26F237742AAEAE2500D9B137 /* Localizable.strings */; };
		26F237782AAEBAB100D9B137 /* String+Ext.swift in Sources */ = {isa = PBXBuildFile; fileRef = 26F237772AAEBAB100D9B137 /* String+Ext.swift */; };
		26F2377B2AAEBDCE00D9B137 /* InfoPlist.strings in Resources */ = {isa = PBXBuildFile; fileRef = 26F2377D2AAEBDCE00D9B137 /* InfoPlist.strings */; };
		26F9354A2AAFED66005EAAC9 /* LoginViewController.swift in Sources */ = {isa = PBXBuildFile; fileRef = 26F935492AAFED66005EAAC9 /* LoginViewController.swift */; };
		26F9354C2AAFF2FE005EAAC9 /* Observable.swift in Sources */ = {isa = PBXBuildFile; fileRef = 26F9354B2AAFF2FE005EAAC9 /* Observable.swift */; };
		26F9354E2AAFFDEA005EAAC9 /* SampleViewController.swift in Sources */ = {isa = PBXBuildFile; fileRef = 26F9354D2AAFFDEA005EAAC9 /* SampleViewController.swift */; };
		26F935502AB0015A005EAAC9 /* SampleViewModel.swift in Sources */ = {isa = PBXBuildFile; fileRef = 26F9354F2AB0015A005EAAC9 /* SampleViewModel.swift */; };
		26F935522AB00E43005EAAC9 /* LoginViewModel.swift in Sources */ = {isa = PBXBuildFile; fileRef = 26F935512AB00E43005EAAC9 /* LoginViewModel.swift */; };
		26F935552AB02A4C005EAAC9 /* Photo.swift in Sources */ = {isa = PBXBuildFile; fileRef = 26F935542AB02A4C005EAAC9 /* Photo.swift */; };
		26F935572AB02A5D005EAAC9 /* APIService.swift in Sources */ = {isa = PBXBuildFile; fileRef = 26F935562AB02A5D005EAAC9 /* APIService.swift */; };
		26F935592AB02B5C005EAAC9 /* PhotoViewController.swift in Sources */ = {isa = PBXBuildFile; fileRef = 26F935582AB02B5C005EAAC9 /* PhotoViewController.swift */; };
		26F9355D2AB02DAA005EAAC9 /* PhotoViewModel.swift in Sources */ = {isa = PBXBuildFile; fileRef = 26F9355C2AB02DAA005EAAC9 /* PhotoViewModel.swift */; };
		26F935812AB0699D005EAAC9 /* PhotoTableViewCell.swift in Sources */ = {isa = PBXBuildFile; fileRef = 26F935802AB0699D005EAAC9 /* PhotoTableViewCell.swift */; };
/* End PBXBuildFile section */

/* Begin PBXFileReference section */
		26218E4C2AB296FA00EC41D9 /* SimpleTableViewController.swift */ = {isa = PBXFileReference; lastKnownFileType = sourcecode.swift; path = SimpleTableViewController.swift; sourceTree = "<group>"; };
		266146262AB2A02200C93E4B /* NewSimpleCollectionViewController.swift */ = {isa = PBXFileReference; lastKnownFileType = sourcecode.swift; path = NewSimpleCollectionViewController.swift; sourceTree = "<group>"; };
		26E41A442AB7D342004AEF2B /* NumberViewController.swift */ = {isa = PBXFileReference; lastKnownFileType = sourcecode.swift; path = NumberViewController.swift; sourceTree = "<group>"; };
		26E41A462AB7D935004AEF2B /* NumberViewModel.swift */ = {isa = PBXFileReference; lastKnownFileType = sourcecode.swift; path = NumberViewModel.swift; sourceTree = "<group>"; };
		26E41A482AB7E7BD004AEF2B /* NewSimpleViewModel.swift */ = {isa = PBXFileReference; lastKnownFileType = sourcecode.swift; path = NewSimpleViewModel.swift; sourceTree = "<group>"; };
		26E41A4E2AB8418C004AEF2B /* RandomPhotoViewController.swift */ = {isa = PBXFileReference; lastKnownFileType = sourcecode.swift; path = RandomPhotoViewController.swift; sourceTree = "<group>"; };
		26E41A502AB841BE004AEF2B /* RandomPhotoViewModel.swift */ = {isa = PBXFileReference; lastKnownFileType = sourcecode.swift; path = RandomPhotoViewModel.swift; sourceTree = "<group>"; };
		26E41A522AB84369004AEF2B /* RandomAPIService.swift */ = {isa = PBXFileReference; lastKnownFileType = sourcecode.swift; path = RandomAPIService.swift; sourceTree = "<group>"; };
		26E41A552AB84B7F004AEF2B /* RandomPhoto.swift */ = {isa = PBXFileReference; lastKnownFileType = sourcecode.swift; path = RandomPhoto.swift; sourceTree = "<group>"; };
		26E9B3A42AB42BD800F2DA85 /* NewDiffableDataSoureExampleController.swift */ = {isa = PBXFileReference; lastKnownFileType = sourcecode.swift; path = NewDiffableDataSoureExampleController.swift; sourceTree = "<group>"; };
		26E9B3A72AB4355B00F2DA85 /* User.swift */ = {isa = PBXFileReference; lastKnownFileType = sourcecode.swift; path = User.swift; sourceTree = "<group>"; };
		26E9B3AE2AB43F5100F2DA85 /* NewPhotoViewModel.swift */ = {isa = PBXFileReference; lastKnownFileType = sourcecode.swift; path = NewPhotoViewModel.swift; sourceTree = "<group>"; };
		26EDB34C2AB139E700964C9C /* CalculateViewController.swift */ = {isa = PBXFileReference; lastKnownFileType = sourcecode.swift; path = CalculateViewController.swift; sourceTree = "<group>"; };
		26EDB34E2AB13AB000964C9C /* CalculateViewModel.swift */ = {isa = PBXFileReference; lastKnownFileType = sourcecode.swift; path = CalculateViewModel.swift; sourceTree = "<group>"; };
		26EDB3502AB13DA700964C9C /* JackObservable.swift */ = {isa = PBXFileReference; lastKnownFileType = sourcecode.swift; path = JackObservable.swift; sourceTree = "<group>"; };
		26F237532AAE993700D9B137 /* UnsplashProject_MVVM.app */ = {isa = PBXFileReference; explicitFileType = wrapper.application; includeInIndex = 0; path = UnsplashProject_MVVM.app; sourceTree = BUILT_PRODUCTS_DIR; };
		26F237562AAE993700D9B137 /* AppDelegate.swift */ = {isa = PBXFileReference; lastKnownFileType = sourcecode.swift; path = AppDelegate.swift; sourceTree = "<group>"; };
		26F237582AAE993700D9B137 /* SceneDelegate.swift */ = {isa = PBXFileReference; lastKnownFileType = sourcecode.swift; path = SceneDelegate.swift; sourceTree = "<group>"; };
		26F2375A2AAE993700D9B137 /* ViewController.swift */ = {isa = PBXFileReference; lastKnownFileType = sourcecode.swift; path = ViewController.swift; sourceTree = "<group>"; };
		26F2375D2AAE993700D9B137 /* Base */ = {isa = PBXFileReference; lastKnownFileType = file.storyboard; name = Base; path = Base.lproj/Main.storyboard; sourceTree = "<group>"; };
		26F2375F2AAE993A00D9B137 /* Assets.xcassets */ = {isa = PBXFileReference; lastKnownFileType = folder.assetcatalog; path = Assets.xcassets; sourceTree = "<group>"; };
		26F237622AAE993A00D9B137 /* Base */ = {isa = PBXFileReference; lastKnownFileType = file.storyboard; name = Base; path = Base.lproj/LaunchScreen.storyboard; sourceTree = "<group>"; };
		26F237642AAE993A00D9B137 /* Info.plist */ = {isa = PBXFileReference; lastKnownFileType = text.plist.xml; path = Info.plist; sourceTree = "<group>"; };
		26F2376A2AAE9CB600D9B137 /* ko */ = {isa = PBXFileReference; lastKnownFileType = text.plist.strings; name = ko; path = ko.lproj/Main.strings; sourceTree = "<group>"; };
		26F2376B2AAE9CB600D9B137 /* ko */ = {isa = PBXFileReference; lastKnownFileType = text.plist.strings; name = ko; path = ko.lproj/LaunchScreen.strings; sourceTree = "<group>"; };
		26F2376C2AAE9CBF00D9B137 /* ja */ = {isa = PBXFileReference; lastKnownFileType = text.plist.strings; name = ja; path = ja.lproj/Main.strings; sourceTree = "<group>"; };
		26F2376D2AAE9CBF00D9B137 /* ja */ = {isa = PBXFileReference; lastKnownFileType = text.plist.strings; name = ja; path = ja.lproj/LaunchScreen.strings; sourceTree = "<group>"; };
		26F2376F2AAE9DB300D9B137 /* en */ = {isa = PBXFileReference; lastKnownFileType = text.plist.strings; name = en; path = en.lproj/Main.strings; sourceTree = "<group>"; };
		26F237732AAEAE2500D9B137 /* en */ = {isa = PBXFileReference; lastKnownFileType = text.plist.strings; name = en; path = en.lproj/Localizable.strings; sourceTree = "<group>"; };
		26F237752AAEAE3100D9B137 /* ja */ = {isa = PBXFileReference; lastKnownFileType = text.plist.strings; name = ja; path = ja.lproj/Localizable.strings; sourceTree = "<group>"; };
		26F237762AAEAE3200D9B137 /* ko */ = {isa = PBXFileReference; lastKnownFileType = text.plist.strings; name = ko; path = ko.lproj/Localizable.strings; sourceTree = "<group>"; };
		26F237772AAEBAB100D9B137 /* String+Ext.swift */ = {isa = PBXFileReference; lastKnownFileType = sourcecode.swift; path = "String+Ext.swift"; sourceTree = "<group>"; };
		26F2377C2AAEBDCE00D9B137 /* en */ = {isa = PBXFileReference; lastKnownFileType = text.plist.strings; name = en; path = en.lproj/InfoPlist.strings; sourceTree = "<group>"; };
		26F2377E2AAEBDDC00D9B137 /* ja */ = {isa = PBXFileReference; lastKnownFileType = text.plist.strings; name = ja; path = ja.lproj/InfoPlist.strings; sourceTree = "<group>"; };
		26F2377F2AAEBDDD00D9B137 /* ko */ = {isa = PBXFileReference; lastKnownFileType = text.plist.strings; name = ko; path = ko.lproj/InfoPlist.strings; sourceTree = "<group>"; };
		26F935492AAFED66005EAAC9 /* LoginViewController.swift */ = {isa = PBXFileReference; lastKnownFileType = sourcecode.swift; path = LoginViewController.swift; sourceTree = "<group>"; };
		26F9354B2AAFF2FE005EAAC9 /* Observable.swift */ = {isa = PBXFileReference; lastKnownFileType = sourcecode.swift; path = Observable.swift; sourceTree = "<group>"; };
		26F9354D2AAFFDEA005EAAC9 /* SampleViewController.swift */ = {isa = PBXFileReference; lastKnownFileType = sourcecode.swift; path = SampleViewController.swift; sourceTree = "<group>"; };
		26F9354F2AB0015A005EAAC9 /* SampleViewModel.swift */ = {isa = PBXFileReference; lastKnownFileType = sourcecode.swift; path = SampleViewModel.swift; sourceTree = "<group>"; };
		26F935512AB00E43005EAAC9 /* LoginViewModel.swift */ = {isa = PBXFileReference; lastKnownFileType = sourcecode.swift; path = LoginViewModel.swift; sourceTree = "<group>"; };
		26F935542AB02A4C005EAAC9 /* Photo.swift */ = {isa = PBXFileReference; lastKnownFileType = sourcecode.swift; path = Photo.swift; sourceTree = "<group>"; };
		26F935562AB02A5D005EAAC9 /* APIService.swift */ = {isa = PBXFileReference; lastKnownFileType = sourcecode.swift; path = APIService.swift; sourceTree = "<group>"; };
		26F935582AB02B5C005EAAC9 /* PhotoViewController.swift */ = {isa = PBXFileReference; lastKnownFileType = sourcecode.swift; path = PhotoViewController.swift; sourceTree = "<group>"; };
		26F9355C2AB02DAA005EAAC9 /* PhotoViewModel.swift */ = {isa = PBXFileReference; lastKnownFileType = sourcecode.swift; path = PhotoViewModel.swift; sourceTree = "<group>"; };
		26F935802AB0699D005EAAC9 /* PhotoTableViewCell.swift */ = {isa = PBXFileReference; lastKnownFileType = sourcecode.swift; path = PhotoTableViewCell.swift; sourceTree = "<group>"; };
/* End PBXFileReference section */

/* Begin PBXFrameworksBuildPhase section */
		26F237502AAE993700D9B137 /* Frameworks */ = {
			isa = PBXFrameworksBuildPhase;
			buildActionMask = 2147483647;
			files = (
				26E9B3B22AB4456B00F2DA85 /* SnapKit in Frameworks */,
			);
			runOnlyForDeploymentPostprocessing = 0;
		};
/* End PBXFrameworksBuildPhase section */

/* Begin PBXGroup section */
		26218E4B2AB296D900EC41D9 /* New */ = {
			isa = PBXGroup;
			children = (
				26218E4C2AB296FA00EC41D9 /* SimpleTableViewController.swift */,
				266146262AB2A02200C93E4B /* NewSimpleCollectionViewController.swift */,
				26E9B3A42AB42BD800F2DA85 /* NewDiffableDataSoureExampleController.swift */,
				26E9B3AE2AB43F5100F2DA85 /* NewPhotoViewModel.swift */,
				26E41A482AB7E7BD004AEF2B /* NewSimpleViewModel.swift */,
			);
			path = New;
			sourceTree = "<group>";
		};
		26E41A542AB8447A004AEF2B /* RandomUnsplash */ = {
			isa = PBXGroup;
			children = (
				26E41A522AB84369004AEF2B /* RandomAPIService.swift */,
				26E41A4E2AB8418C004AEF2B /* RandomPhotoViewController.swift */,
				26E41A502AB841BE004AEF2B /* RandomPhotoViewModel.swift */,
				26E41A552AB84B7F004AEF2B /* RandomPhoto.swift */,
			);
			path = RandomUnsplash;
			sourceTree = "<group>";
		};
		26E9B3A62AB4355400F2DA85 /* Model */ = {
			isa = PBXGroup;
			children = (
				26E9B3A72AB4355B00F2DA85 /* User.swift */,
			);
			path = Model;
			sourceTree = "<group>";
		};
		26EDB34B2AB139B500964C9C /* Calculate */ = {
			isa = PBXGroup;
			children = (
				26EDB34C2AB139E700964C9C /* CalculateViewController.swift */,
				26EDB34E2AB13AB000964C9C /* CalculateViewModel.swift */,
				26EDB3502AB13DA700964C9C /* JackObservable.swift */,
			);
			path = Calculate;
			sourceTree = "<group>";
		};
		26F2374A2AAE993700D9B137 = {
			isa = PBXGroup;
			children = (
				26F237552AAE993700D9B137 /* UnsplashProject_MVVM */,
				26F237542AAE993700D9B137 /* Products */,
			);
			sourceTree = "<group>";
		};
		26F237542AAE993700D9B137 /* Products */ = {
			isa = PBXGroup;
			children = (
				26F237532AAE993700D9B137 /* UnsplashProject_MVVM.app */,
			);
			name = Products;
			sourceTree = "<group>";
		};
		26F237552AAE993700D9B137 /* UnsplashProject_MVVM */ = {
			isa = PBXGroup;
			children = (
				26E9B3A62AB4355400F2DA85 /* Model */,
				26F237562AAE993700D9B137 /* AppDelegate.swift */,
				26F237582AAE993700D9B137 /* SceneDelegate.swift */,
				26218E4B2AB296D900EC41D9 /* New */,
				26EDB34B2AB139B500964C9C /* Calculate */,
				26F935532AB02A40005EAAC9 /* Photo */,
				26F935482AAFED3A005EAAC9 /* Login */,
				26F2375A2AAE993700D9B137 /* ViewController.swift */,
				26F2375C2AAE993700D9B137 /* Main.storyboard */,
				26F2375F2AAE993A00D9B137 /* Assets.xcassets */,
				26F237612AAE993A00D9B137 /* LaunchScreen.storyboard */,
				26F237642AAE993A00D9B137 /* Info.plist */,
				26F237742AAEAE2500D9B137 /* Localizable.strings */,
				26F237772AAEBAB100D9B137 /* String+Ext.swift */,
				26F2377D2AAEBDCE00D9B137 /* InfoPlist.strings */,
			);
			path = UnsplashProject_MVVM;
			sourceTree = "<group>";
		};
		26F935482AAFED3A005EAAC9 /* Login */ = {
			isa = PBXGroup;
			children = (
				26F935492AAFED66005EAAC9 /* LoginViewController.swift */,
				26F935512AB00E43005EAAC9 /* LoginViewModel.swift */,
				26F9354B2AAFF2FE005EAAC9 /* Observable.swift */,
				26F9354D2AAFFDEA005EAAC9 /* SampleViewController.swift */,
				26F9354F2AB0015A005EAAC9 /* SampleViewModel.swift */,
				26E41A442AB7D342004AEF2B /* NumberViewController.swift */,
				26E41A462AB7D935004AEF2B /* NumberViewModel.swift */,
			);
			path = Login;
			sourceTree = "<group>";
		};
		26F935532AB02A40005EAAC9 /* Photo */ = {
			isa = PBXGroup;
			children = (
				26E41A542AB8447A004AEF2B /* RandomUnsplash */,
				26F935542AB02A4C005EAAC9 /* Photo.swift */,
				26F935562AB02A5D005EAAC9 /* APIService.swift */,
				26F935582AB02B5C005EAAC9 /* PhotoViewController.swift */,
				26F9355C2AB02DAA005EAAC9 /* PhotoViewModel.swift */,
				26F935802AB0699D005EAAC9 /* PhotoTableViewCell.swift */,
			);
			path = Photo;
			sourceTree = "<group>";
		};
/* End PBXGroup section */

/* Begin PBXNativeTarget section */
		26F237522AAE993700D9B137 /* UnsplashProject_MVVM */ = {
			isa = PBXNativeTarget;
			buildConfigurationList = 26F237672AAE993A00D9B137 /* Build configuration list for PBXNativeTarget "UnsplashProject_MVVM" */;
			buildPhases = (
				26F2374F2AAE993700D9B137 /* Sources */,
				26F237502AAE993700D9B137 /* Frameworks */,
				26F237512AAE993700D9B137 /* Resources */,
			);
			buildRules = (
			);
			dependencies = (
			);
			name = UnsplashProject_MVVM;
			packageProductDependencies = (
				26E9B3B12AB4456B00F2DA85 /* SnapKit */,
			);
			productName = UnsplashProject_MVVM;
			productReference = 26F237532AAE993700D9B137 /* UnsplashProject_MVVM.app */;
			productType = "com.apple.product-type.application";
		};
/* End PBXNativeTarget section */

/* Begin PBXProject section */
		26F2374B2AAE993700D9B137 /* Project object */ = {
			isa = PBXProject;
			attributes = {
				BuildIndependentTargetsInParallel = 1;
				LastSwiftUpdateCheck = 1430;
				LastUpgradeCheck = 1430;
				TargetAttributes = {
					26F237522AAE993700D9B137 = {
						CreatedOnToolsVersion = 14.3.1;
					};
				};
			};
			buildConfigurationList = 26F2374E2AAE993700D9B137 /* Build configuration list for PBXProject "UnsplashProject_MVVM" */;
			compatibilityVersion = "Xcode 14.0";
			developmentRegion = en;
			hasScannedForEncodings = 0;
			knownRegions = (
				en,
				Base,
				ko,
				ja,
			);
			mainGroup = 26F2374A2AAE993700D9B137;
			packageReferences = (
				26E9B3B02AB4456B00F2DA85 /* XCRemoteSwiftPackageReference "SnapKit" */,
			);
			productRefGroup = 26F237542AAE993700D9B137 /* Products */;
			projectDirPath = "";
			projectRoot = "";
			targets = (
				26F237522AAE993700D9B137 /* UnsplashProject_MVVM */,
			);
		};
/* End PBXProject section */

/* Begin PBXResourcesBuildPhase section */
		26F237512AAE993700D9B137 /* Resources */ = {
			isa = PBXResourcesBuildPhase;
			buildActionMask = 2147483647;
			files = (
				26F237632AAE993A00D9B137 /* LaunchScreen.storyboard in Resources */,
				26F237722AAEAE2500D9B137 /* Localizable.strings in Resources */,
				26F237602AAE993A00D9B137 /* Assets.xcassets in Resources */,
				26F2375E2AAE993700D9B137 /* Main.storyboard in Resources */,
				26F2377B2AAEBDCE00D9B137 /* InfoPlist.strings in Resources */,
			);
			runOnlyForDeploymentPostprocessing = 0;
		};
/* End PBXResourcesBuildPhase section */

/* Begin PBXSourcesBuildPhase section */
		26F2374F2AAE993700D9B137 /* Sources */ = {
			isa = PBXSourcesBuildPhase;
			buildActionMask = 2147483647;
			files = (
				26E41A492AB7E7BD004AEF2B /* NewSimpleViewModel.swift in Sources */,
				26F935812AB0699D005EAAC9 /* PhotoTableViewCell.swift in Sources */,
				26F2375B2AAE993700D9B137 /* ViewController.swift in Sources */,
				26F237572AAE993700D9B137 /* AppDelegate.swift in Sources */,
				26F237782AAEBAB100D9B137 /* String+Ext.swift in Sources */,
				26F9354A2AAFED66005EAAC9 /* LoginViewController.swift in Sources */,
				26E41A452AB7D342004AEF2B /* NumberViewController.swift in Sources */,
				26E41A512AB841BE004AEF2B /* RandomPhotoViewModel.swift in Sources */,
				26F935572AB02A5D005EAAC9 /* APIService.swift in Sources */,
				26E41A532AB84369004AEF2B /* RandomAPIService.swift in Sources */,
				26E9B3AF2AB43F5100F2DA85 /* NewPhotoViewModel.swift in Sources */,
				26F935592AB02B5C005EAAC9 /* PhotoViewController.swift in Sources */,
				26F935552AB02A4C005EAAC9 /* Photo.swift in Sources */,
				266146272AB2A02200C93E4B /* NewSimpleCollectionViewController.swift in Sources */,
				26EDB34D2AB139E700964C9C /* CalculateViewController.swift in Sources */,
				26F9354C2AAFF2FE005EAAC9 /* Observable.swift in Sources */,
				26EDB3512AB13DA700964C9C /* JackObservable.swift in Sources */,
				26F237592AAE993700D9B137 /* SceneDelegate.swift in Sources */,
				26E9B3A52AB42BD800F2DA85 /* NewDiffableDataSoureExampleController.swift in Sources */,
				26F935502AB0015A005EAAC9 /* SampleViewModel.swift in Sources */,
				26E41A4F2AB8418C004AEF2B /* RandomPhotoViewController.swift in Sources */,
				26F9355D2AB02DAA005EAAC9 /* PhotoViewModel.swift in Sources */,
				26EDB34F2AB13AB000964C9C /* CalculateViewModel.swift in Sources */,
				26218E4D2AB296FA00EC41D9 /* SimpleTableViewController.swift in Sources */,
				26F9354E2AAFFDEA005EAAC9 /* SampleViewController.swift in Sources */,
				26E41A562AB84B7F004AEF2B /* RandomPhoto.swift in Sources */,
				26E41A472AB7D935004AEF2B /* NumberViewModel.swift in Sources */,
				26F935522AB00E43005EAAC9 /* LoginViewModel.swift in Sources */,
				26E9B3A82AB4355B00F2DA85 /* User.swift in Sources */,
			);
			runOnlyForDeploymentPostprocessing = 0;
		};
/* End PBXSourcesBuildPhase section */

/* Begin PBXVariantGroup section */
		26F2375C2AAE993700D9B137 /* Main.storyboard */ = {
			isa = PBXVariantGroup;
			children = (
				26F2375D2AAE993700D9B137 /* Base */,
				26F2376A2AAE9CB600D9B137 /* ko */,
				26F2376C2AAE9CBF00D9B137 /* ja */,
				26F2376F2AAE9DB300D9B137 /* en */,
			);
			name = Main.storyboard;
			sourceTree = "<group>";
		};
		26F237612AAE993A00D9B137 /* LaunchScreen.storyboard */ = {
			isa = PBXVariantGroup;
			children = (
				26F237622AAE993A00D9B137 /* Base */,
				26F2376B2AAE9CB600D9B137 /* ko */,
				26F2376D2AAE9CBF00D9B137 /* ja */,
			);
			name = LaunchScreen.storyboard;
			sourceTree = "<group>";
		};
		26F237742AAEAE2500D9B137 /* Localizable.strings */ = {
			isa = PBXVariantGroup;
			children = (
				26F237732AAEAE2500D9B137 /* en */,
				26F237752AAEAE3100D9B137 /* ja */,
				26F237762AAEAE3200D9B137 /* ko */,
			);
			name = Localizable.strings;
			sourceTree = "<group>";
		};
		26F2377D2AAEBDCE00D9B137 /* InfoPlist.strings */ = {
			isa = PBXVariantGroup;
			children = (
				26F2377C2AAEBDCE00D9B137 /* en */,
				26F2377E2AAEBDDC00D9B137 /* ja */,
				26F2377F2AAEBDDD00D9B137 /* ko */,
			);
			name = InfoPlist.strings;
			sourceTree = "<group>";
		};
/* End PBXVariantGroup section */

/* Begin XCBuildConfiguration section */
		26F237652AAE993A00D9B137 /* Debug */ = {
			isa = XCBuildConfiguration;
			buildSettings = {
				ALWAYS_SEARCH_USER_PATHS = NO;
				CLANG_ANALYZER_LOCALIZABILITY_NONLOCALIZED = YES;
				CLANG_ANALYZER_NONNULL = YES;
				CLANG_ANALYZER_NUMBER_OBJECT_CONVERSION = YES_AGGRESSIVE;
				CLANG_CXX_LANGUAGE_STANDARD = "gnu++20";
				CLANG_ENABLE_MODULES = YES;
				CLANG_ENABLE_OBJC_ARC = YES;
				CLANG_ENABLE_OBJC_WEAK = YES;
				CLANG_WARN_BLOCK_CAPTURE_AUTORELEASING = YES;
				CLANG_WARN_BOOL_CONVERSION = YES;
				CLANG_WARN_COMMA = YES;
				CLANG_WARN_CONSTANT_CONVERSION = YES;
				CLANG_WARN_DEPRECATED_OBJC_IMPLEMENTATIONS = YES;
				CLANG_WARN_DIRECT_OBJC_ISA_USAGE = YES_ERROR;
				CLANG_WARN_DOCUMENTATION_COMMENTS = YES;
				CLANG_WARN_EMPTY_BODY = YES;
				CLANG_WARN_ENUM_CONVERSION = YES;
				CLANG_WARN_INFINITE_RECURSION = YES;
				CLANG_WARN_INT_CONVERSION = YES;
				CLANG_WARN_NON_LITERAL_NULL_CONVERSION = YES;
				CLANG_WARN_OBJC_IMPLICIT_RETAIN_SELF = YES;
				CLANG_WARN_OBJC_LITERAL_CONVERSION = YES;
				CLANG_WARN_OBJC_ROOT_CLASS = YES_ERROR;
				CLANG_WARN_QUOTED_INCLUDE_IN_FRAMEWORK_HEADER = YES;
				CLANG_WARN_RANGE_LOOP_ANALYSIS = YES;
				CLANG_WARN_STRICT_PROTOTYPES = YES;
				CLANG_WARN_SUSPICIOUS_MOVE = YES;
				CLANG_WARN_UNGUARDED_AVAILABILITY = YES_AGGRESSIVE;
				CLANG_WARN_UNREACHABLE_CODE = YES;
				CLANG_WARN__DUPLICATE_METHOD_MATCH = YES;
				COPY_PHASE_STRIP = NO;
				DEBUG_INFORMATION_FORMAT = dwarf;
				ENABLE_STRICT_OBJC_MSGSEND = YES;
				ENABLE_TESTABILITY = YES;
				GCC_C_LANGUAGE_STANDARD = gnu11;
				GCC_DYNAMIC_NO_PIC = NO;
				GCC_NO_COMMON_BLOCKS = YES;
				GCC_OPTIMIZATION_LEVEL = 0;
				GCC_PREPROCESSOR_DEFINITIONS = (
					"DEBUG=1",
					"$(inherited)",
				);
				GCC_WARN_64_TO_32_BIT_CONVERSION = YES;
				GCC_WARN_ABOUT_RETURN_TYPE = YES_ERROR;
				GCC_WARN_UNDECLARED_SELECTOR = YES;
				GCC_WARN_UNINITIALIZED_AUTOS = YES_AGGRESSIVE;
				GCC_WARN_UNUSED_FUNCTION = YES;
				GCC_WARN_UNUSED_VARIABLE = YES;
				IPHONEOS_DEPLOYMENT_TARGET = 16.4;
				MTL_ENABLE_DEBUG_INFO = INCLUDE_SOURCE;
				MTL_FAST_MATH = YES;
				ONLY_ACTIVE_ARCH = YES;
				SDKROOT = iphoneos;
				SWIFT_ACTIVE_COMPILATION_CONDITIONS = DEBUG;
				SWIFT_OPTIMIZATION_LEVEL = "-Onone";
			};
			name = Debug;
		};
		26F237662AAE993A00D9B137 /* Release */ = {
			isa = XCBuildConfiguration;
			buildSettings = {
				ALWAYS_SEARCH_USER_PATHS = NO;
				CLANG_ANALYZER_LOCALIZABILITY_NONLOCALIZED = YES;
				CLANG_ANALYZER_NONNULL = YES;
				CLANG_ANALYZER_NUMBER_OBJECT_CONVERSION = YES_AGGRESSIVE;
				CLANG_CXX_LANGUAGE_STANDARD = "gnu++20";
				CLANG_ENABLE_MODULES = YES;
				CLANG_ENABLE_OBJC_ARC = YES;
				CLANG_ENABLE_OBJC_WEAK = YES;
				CLANG_WARN_BLOCK_CAPTURE_AUTORELEASING = YES;
				CLANG_WARN_BOOL_CONVERSION = YES;
				CLANG_WARN_COMMA = YES;
				CLANG_WARN_CONSTANT_CONVERSION = YES;
				CLANG_WARN_DEPRECATED_OBJC_IMPLEMENTATIONS = YES;
				CLANG_WARN_DIRECT_OBJC_ISA_USAGE = YES_ERROR;
				CLANG_WARN_DOCUMENTATION_COMMENTS = YES;
				CLANG_WARN_EMPTY_BODY = YES;
				CLANG_WARN_ENUM_CONVERSION = YES;
				CLANG_WARN_INFINITE_RECURSION = YES;
				CLANG_WARN_INT_CONVERSION = YES;
				CLANG_WARN_NON_LITERAL_NULL_CONVERSION = YES;
				CLANG_WARN_OBJC_IMPLICIT_RETAIN_SELF = YES;
				CLANG_WARN_OBJC_LITERAL_CONVERSION = YES;
				CLANG_WARN_OBJC_ROOT_CLASS = YES_ERROR;
				CLANG_WARN_QUOTED_INCLUDE_IN_FRAMEWORK_HEADER = YES;
				CLANG_WARN_RANGE_LOOP_ANALYSIS = YES;
				CLANG_WARN_STRICT_PROTOTYPES = YES;
				CLANG_WARN_SUSPICIOUS_MOVE = YES;
				CLANG_WARN_UNGUARDED_AVAILABILITY = YES_AGGRESSIVE;
				CLANG_WARN_UNREACHABLE_CODE = YES;
				CLANG_WARN__DUPLICATE_METHOD_MATCH = YES;
				COPY_PHASE_STRIP = NO;
				DEBUG_INFORMATION_FORMAT = "dwarf-with-dsym";
				ENABLE_NS_ASSERTIONS = NO;
				ENABLE_STRICT_OBJC_MSGSEND = YES;
				GCC_C_LANGUAGE_STANDARD = gnu11;
				GCC_NO_COMMON_BLOCKS = YES;
				GCC_WARN_64_TO_32_BIT_CONVERSION = YES;
				GCC_WARN_ABOUT_RETURN_TYPE = YES_ERROR;
				GCC_WARN_UNDECLARED_SELECTOR = YES;
				GCC_WARN_UNINITIALIZED_AUTOS = YES_AGGRESSIVE;
				GCC_WARN_UNUSED_FUNCTION = YES;
				GCC_WARN_UNUSED_VARIABLE = YES;
				IPHONEOS_DEPLOYMENT_TARGET = 16.4;
				MTL_ENABLE_DEBUG_INFO = NO;
				MTL_FAST_MATH = YES;
				SDKROOT = iphoneos;
				SWIFT_COMPILATION_MODE = wholemodule;
				SWIFT_OPTIMIZATION_LEVEL = "-O";
				VALIDATE_PRODUCT = YES;
			};
			name = Release;
		};
		26F237682AAE993A00D9B137 /* Debug */ = {
			isa = XCBuildConfiguration;
			buildSettings = {
				ASSETCATALOG_COMPILER_APPICON_NAME = AppIcon;
				ASSETCATALOG_COMPILER_GLOBAL_ACCENT_COLOR_NAME = AccentColor;
				CODE_SIGN_STYLE = Automatic;
				CURRENT_PROJECT_VERSION = 1;
				GENERATE_INFOPLIST_FILE = YES;
				INFOPLIST_FILE = UnsplashProject_MVVM/Info.plist;
				INFOPLIST_KEY_CFBundleDisplayName = "";
				INFOPLIST_KEY_NSLocationWhenInUseUsageDescription = "";
				INFOPLIST_KEY_UIApplicationSupportsIndirectInputEvents = YES;
				INFOPLIST_KEY_UILaunchStoryboardName = LaunchScreen;
				INFOPLIST_KEY_UIMainStoryboardFile = Main;
				INFOPLIST_KEY_UISupportedInterfaceOrientations_iPad = "UIInterfaceOrientationPortrait UIInterfaceOrientationPortraitUpsideDown UIInterfaceOrientationLandscapeLeft UIInterfaceOrientationLandscapeRight";
				INFOPLIST_KEY_UISupportedInterfaceOrientations_iPhone = "UIInterfaceOrientationPortrait UIInterfaceOrientationLandscapeLeft UIInterfaceOrientationLandscapeRight";
				LD_RUNPATH_SEARCH_PATHS = (
					"$(inherited)",
					"@executable_path/Frameworks",
				);
				MARKETING_VERSION = 1.0;
				PRODUCT_BUNDLE_IDENTIFIER = "com.present.UnsplashProject-MVVM";
				PRODUCT_NAME = "$(TARGET_NAME)";
				SWIFT_EMIT_LOC_STRINGS = YES;
				SWIFT_VERSION = 5.0;
				TARGETED_DEVICE_FAMILY = "1,2";
			};
			name = Debug;
		};
		26F237692AAE993A00D9B137 /* Release */ = {
			isa = XCBuildConfiguration;
			buildSettings = {
				ASSETCATALOG_COMPILER_APPICON_NAME = AppIcon;
				ASSETCATALOG_COMPILER_GLOBAL_ACCENT_COLOR_NAME = AccentColor;
				CODE_SIGN_STYLE = Automatic;
				CURRENT_PROJECT_VERSION = 1;
				GENERATE_INFOPLIST_FILE = YES;
				INFOPLIST_FILE = UnsplashProject_MVVM/Info.plist;
				INFOPLIST_KEY_CFBundleDisplayName = "";
				INFOPLIST_KEY_NSLocationWhenInUseUsageDescription = "";
				INFOPLIST_KEY_UIApplicationSupportsIndirectInputEvents = YES;
				INFOPLIST_KEY_UILaunchStoryboardName = LaunchScreen;
				INFOPLIST_KEY_UIMainStoryboardFile = Main;
				INFOPLIST_KEY_UISupportedInterfaceOrientations_iPad = "UIInterfaceOrientationPortrait UIInterfaceOrientationPortraitUpsideDown UIInterfaceOrientationLandscapeLeft UIInterfaceOrientationLandscapeRight";
				INFOPLIST_KEY_UISupportedInterfaceOrientations_iPhone = "UIInterfaceOrientationPortrait UIInterfaceOrientationLandscapeLeft UIInterfaceOrientationLandscapeRight";
				LD_RUNPATH_SEARCH_PATHS = (
					"$(inherited)",
					"@executable_path/Frameworks",
				);
				MARKETING_VERSION = 1.0;
				PRODUCT_BUNDLE_IDENTIFIER = "com.present.UnsplashProject-MVVM";
				PRODUCT_NAME = "$(TARGET_NAME)";
				SWIFT_EMIT_LOC_STRINGS = YES;
				SWIFT_VERSION = 5.0;
				TARGETED_DEVICE_FAMILY = "1,2";
			};
			name = Release;
		};
/* End XCBuildConfiguration section */

/* Begin XCConfigurationList section */
		26F2374E2AAE993700D9B137 /* Build configuration list for PBXProject "UnsplashProject_MVVM" */ = {
			isa = XCConfigurationList;
			buildConfigurations = (
				26F237652AAE993A00D9B137 /* Debug */,
				26F237662AAE993A00D9B137 /* Release */,
			);
			defaultConfigurationIsVisible = 0;
			defaultConfigurationName = Release;
		};
		26F237672AAE993A00D9B137 /* Build configuration list for PBXNativeTarget "UnsplashProject_MVVM" */ = {
			isa = XCConfigurationList;
			buildConfigurations = (
				26F237682AAE993A00D9B137 /* Debug */,
				26F237692AAE993A00D9B137 /* Release */,
			);
			defaultConfigurationIsVisible = 0;
			defaultConfigurationName = Release;
		};
/* End XCConfigurationList section */

/* Begin XCRemoteSwiftPackageReference section */
		26E9B3B02AB4456B00F2DA85 /* XCRemoteSwiftPackageReference "SnapKit" */ = {
			isa = XCRemoteSwiftPackageReference;
			repositoryURL = "https://github.com/SnapKit/SnapKit.git";
			requirement = {
				kind = upToNextMajorVersion;
				minimumVersion = 5.0.0;
			};
		};
/* End XCRemoteSwiftPackageReference section */

/* Begin XCSwiftPackageProductDependency section */
		26E9B3B12AB4456B00F2DA85 /* SnapKit */ = {
			isa = XCSwiftPackageProductDependency;
			package = 26E9B3B02AB4456B00F2DA85 /* XCRemoteSwiftPackageReference "SnapKit" */;
			productName = SnapKit;
		};
/* End XCSwiftPackageProductDependency section */
	};
	rootObject = 26F2374B2AAE993700D9B137 /* Project object */;
}
